
Microsoft Visual Studio Solution File, Format Version 12.00
# Visual Studio Version 17
VisualStudioVersion = 17.0.32014.148
MinimumVisualStudioVersion = 10.0.40219.1
Project("{FAE04EC0-301F-11D3-BF4B-00C04F79EFBC}") = "APIGateway6", "APIGateway6\APIGateway6.csproj", "{ED11B0DA-928A-457F-98CA-66BEFF10FF4F}"
EndProject
Project("{FAE04EC0-301F-11D3-BF4B-00C04F79EFBC}") = "WebAPI.A6", "WebAPI.A6\WebAPI.A6.csproj", "{F52EC0DF-42DB-4588-9425-06FC53E6B579}"
EndProject
Project("{FAE04EC0-301F-11D3-BF4B-00C04F79EFBC}") = "ConsulBase6", "ConsulBase6\ConsulBase6.csproj", "{9E28B264-59A0-42B2-B3DB-1DADE46302B5}"
EndProject
Project("{FAE04EC0-301F-11D3-BF4B-00C04F79EFBC}") = "WebAPI.B6", "WebAPI.B6\WebAPI.B6.csproj", "{BE1377FA-6E93-4B25-B35F-71443D2F82E5}"
EndProject
Global
	GlobalSection(SolutionConfigurationPlatforms) = preSolution
		Debug|Any CPU = Debug|Any CPU
		Release|Any CPU = Release|Any CPU
	EndGlobalSection
	GlobalSection(ProjectConfigurationPlatforms) = postSolution
		{ED11B0DA-928A-457F-98CA-66BEFF10FF4F}.Debug|Any CPU.ActiveCfg = Debug|Any CPU
		{ED11B0DA-928A-457F-98CA-66BEFF10FF4F}.Debug|Any CPU.Build.0 = Debug|Any CPU
		{ED11B0DA-928A-457F-98CA-66BEFF10FF4F}.Release|Any CPU.ActiveCfg = Release|Any CPU
		{ED11B0DA-928A-457F-98CA-66BEFF10FF4F}.Release|Any CPU.Build.0 = Release|Any CPU
		{F52EC0DF-42DB-4588-9425-06FC53E6B579}.Debug|Any CPU.ActiveCfg = Debug|Any CPU
		{F52EC0DF-42DB-4588-9425-06FC53E6B579}.Debug|Any CPU.Build.0 = Debug|Any CPU
		{F52EC0DF-42DB-4588-9425-06FC53E6B579}.Release|Any CPU.ActiveCfg = Release|Any CPU
		{F52EC0DF-42DB-4588-9425-06FC53E6B579}.Release|Any CPU.Build.0 = Release|Any CPU
		{9E28B264-59A0-42B2-B3DB-1DADE46302B5}.Debug|Any CPU.ActiveCfg = Debug|Any CPU
		{9E28B264-59A0-42B2-B3DB-1DADE46302B5}.Debug|Any CPU.Build.0 = Debug|Any CPU
		{9E28B264-59A0-42B2-B3DB-1DADE46302B5}.Release|Any CPU.ActiveCfg = Release|Any CPU
		{9E28B264-59A0-42B2-B3DB-1DADE46302B5}.Release|Any CPU.Build.0 = Release|Any CPU
		{BE1377FA-6E93-4B25-B35F-71443D2F82E5}.Debug|Any CPU.ActiveCfg = Debug|Any CPU
		{BE1377FA-6E93-4B25-B35F-71443D2F82E5}.Debug|Any CPU.Build.0 = Debug|Any CPU
		{BE1377FA-6E93-4B25-B35F-71443D2F82E5}.Release|Any CPU.ActiveCfg = Release|Any CPU
		{BE1377FA-6E93-4B25-B35F-71443D2F82E5}.Release|Any CPU.Build.0 = Release|Any CPU
	EndGlobalSection
	GlobalSection(SolutionProperties) = preSolution
		HideSolutionNode = FALSE
	EndGlobalSection
	GlobalSection(ExtensibilityGlobals) = postSolution
		SolutionGuid = {8A839EFC-B6F3-4C1D-B082-6E0C840C9690}
	EndGlobalSection
EndGlobal
